
Microsoft Visual Studio Solution File, Format Version 12.00
# Visual Studio Version 17
VisualStudioVersion = 17.0.31903.59
MinimumVisualStudioVersion = 10.0.40219.1
Project("{FAE04EC0-301F-11D3-BF4B-00C04F79EFBC}") = "Paschoalotto.Desafio.Domain", "Paschoalotto.Desafio.Domain\Paschoalotto.Desafio.Domain.csproj", "{4C351C94-7E13-4BF3-A785-2A80DC1F9A40}"
EndProject
Project("{FAE04EC0-301F-11D3-BF4B-00C04F79EFBC}") = "Paschoalotto.Desafio.Application", "Paschoalotto.Desafio.Application\Paschoalotto.Desafio.Application.csproj", "{58F32F26-4633-4B0C-99C8-C3E5E5F1FAF0}"
EndProject
Project("{FAE04EC0-301F-11D3-BF4B-00C04F79EFBC}") = "Paschoalotto.Desafio.Infrastructure", "Paschoalotto.Desafio.Infrastructure\Paschoalotto.Desafio.Infrastructure.csproj", "{960D3545-64EF-4416-B907-2BF3A56EDA21}"
EndProject
Global
	GlobalSection(SolutionConfigurationPlatforms) = preSolution
		Debug|Any CPU = Debug|Any CPU
		Release|Any CPU = Release|Any CPU
	EndGlobalSection
	GlobalSection(SolutionProperties) = preSolution
		HideSolutionNode = FALSE
	EndGlobalSection
	GlobalSection(ProjectConfigurationPlatforms) = postSolution
		{4C351C94-7E13-4BF3-A785-2A80DC1F9A40}.Debug|Any CPU.ActiveCfg = Debug|Any CPU
		{4C351C94-7E13-4BF3-A785-2A80DC1F9A40}.Debug|Any CPU.Build.0 = Debug|Any CPU
		{4C351C94-7E13-4BF3-A785-2A80DC1F9A40}.Release|Any CPU.ActiveCfg = Release|Any CPU
		{4C351C94-7E13-4BF3-A785-2A80DC1F9A40}.Release|Any CPU.Build.0 = Release|Any CPU
		{58F32F26-4633-4B0C-99C8-C3E5E5F1FAF0}.Debug|Any CPU.ActiveCfg = Debug|Any CPU
		{58F32F26-4633-4B0C-99C8-C3E5E5F1FAF0}.Debug|Any CPU.Build.0 = Debug|Any CPU
		{58F32F26-4633-4B0C-99C8-C3E5E5F1FAF0}.Release|Any CPU.ActiveCfg = Release|Any CPU
		{58F32F26-4633-4B0C-99C8-C3E5E5F1FAF0}.Release|Any CPU.Build.0 = Release|Any CPU
		{960D3545-64EF-4416-B907-2BF3A56EDA21}.Debug|Any CPU.ActiveCfg = Debug|Any CPU
		{960D3545-64EF-4416-B907-2BF3A56EDA21}.Debug|Any CPU.Build.0 = Debug|Any CPU
		{960D3545-64EF-4416-B907-2BF3A56EDA21}.Release|Any CPU.ActiveCfg = Release|Any CPU
		{960D3545-64EF-4416-B907-2BF3A56EDA21}.Release|Any CPU.Build.0 = Release|Any CPU
	EndGlobalSection
EndGlobal
