
Microsoft Visual Studio Solution File, Format Version 12.00
# Visual Studio Version 17
VisualStudioVersion = 17.0.31903.59
MinimumVisualStudioVersion = 10.0.40219.1
Project("{FAE04EC0-301F-11D3-BF4B-00C04F79EFBC}") = "Paschoalotto.Desafio.Domain", "Paschoalotto.Desafio.Domain\Paschoalotto.Desafio.Domain.csproj", "{4C351C94-7E13-4BF3-A785-2A80DC1F9A40}"
EndProject
Project("{FAE04EC0-301F-11D3-BF4B-00C04F79EFBC}") = "Paschoalotto.Desafio.Application", "Paschoalotto.Desafio.Application\Paschoalotto.Desafio.Application.csproj", "{58F32F26-4633-4B0C-99C8-C3E5E5F1FAF0}"
EndProject
Project("{FAE04EC0-301F-11D3-BF4B-00C04F79EFBC}") = "Paschoalotto.Desafio.Infrastructure", "Paschoalotto.Desafio.Infrastructure\Paschoalotto.Desafio.Infrastructure.csproj", "{960D3545-64EF-4416-B907-2BF3A56EDA21}"
EndProject
Project("{FAE04EC0-301F-11D3-BF4B-00C04F79EFBC}") = "Paschoalotto.Desafio.Api", "Paschoalotto.Desafio.Api\Paschoalotto.Desafio.Api.csproj", "{A799F0E6-5761-4993-99FB-5D316BFDEA02}"
EndProject
Project("{FAE04EC0-301F-11D3-BF4B-00C04F79EFBC}") = "Paschoalotto.Desafio.Seeder", "Paschoalotto.Desafio.Seeder\Paschoalotto.Desafio.Seeder.csproj", "{0E6FD9DC-3CF2-4AD9-899B-7D30B4977807}"
EndProject
Project("{FAE04EC0-301F-11D3-BF4B-00C04F79EFBC}") = "Paschoalotto.Desafio.Web", "Paschoalotto.Desafio.Web\Paschoalotto.Desafio.Web.csproj", "{93B60DF8-ADD1-4280-9CF4-0601C57B79DC}"
EndProject
Global
	GlobalSection(SolutionConfigurationPlatforms) = preSolution
		Debug|Any CPU = Debug|Any CPU
		Release|Any CPU = Release|Any CPU
	EndGlobalSection
	GlobalSection(SolutionProperties) = preSolution
		HideSolutionNode = FALSE
	EndGlobalSection
	GlobalSection(ProjectConfigurationPlatforms) = postSolution
		{4C351C94-7E13-4BF3-A785-2A80DC1F9A40}.Debug|Any CPU.ActiveCfg = Debug|Any CPU
		{4C351C94-7E13-4BF3-A785-2A80DC1F9A40}.Debug|Any CPU.Build.0 = Debug|Any CPU
		{4C351C94-7E13-4BF3-A785-2A80DC1F9A40}.Release|Any CPU.ActiveCfg = Release|Any CPU
		{4C351C94-7E13-4BF3-A785-2A80DC1F9A40}.Release|Any CPU.Build.0 = Release|Any CPU
		{58F32F26-4633-4B0C-99C8-C3E5E5F1FAF0}.Debug|Any CPU.ActiveCfg = Debug|Any CPU
		{58F32F26-4633-4B0C-99C8-C3E5E5F1FAF0}.Debug|Any CPU.Build.0 = Debug|Any CPU
		{58F32F26-4633-4B0C-99C8-C3E5E5F1FAF0}.Release|Any CPU.ActiveCfg = Release|Any CPU
		{58F32F26-4633-4B0C-99C8-C3E5E5F1FAF0}.Release|Any CPU.Build.0 = Release|Any CPU
		{960D3545-64EF-4416-B907-2BF3A56EDA21}.Debug|Any CPU.ActiveCfg = Debug|Any CPU
		{960D3545-64EF-4416-B907-2BF3A56EDA21}.Debug|Any CPU.Build.0 = Debug|Any CPU
		{960D3545-64EF-4416-B907-2BF3A56EDA21}.Release|Any CPU.ActiveCfg = Release|Any CPU
		{960D3545-64EF-4416-B907-2BF3A56EDA21}.Release|Any CPU.Build.0 = Release|Any CPU
		{A799F0E6-5761-4993-99FB-5D316BFDEA02}.Debug|Any CPU.ActiveCfg = Debug|Any CPU
		{A799F0E6-5761-4993-99FB-5D316BFDEA02}.Debug|Any CPU.Build.0 = Debug|Any CPU
		{A799F0E6-5761-4993-99FB-5D316BFDEA02}.Release|Any CPU.ActiveCfg = Release|Any CPU
		{A799F0E6-5761-4993-99FB-5D316BFDEA02}.Release|Any CPU.Build.0 = Release|Any CPU
		{0E6FD9DC-3CF2-4AD9-899B-7D30B4977807}.Debug|Any CPU.ActiveCfg = Debug|Any CPU
		{0E6FD9DC-3CF2-4AD9-899B-7D30B4977807}.Debug|Any CPU.Build.0 = Debug|Any CPU
		{0E6FD9DC-3CF2-4AD9-899B-7D30B4977807}.Release|Any CPU.ActiveCfg = Release|Any CPU
		{0E6FD9DC-3CF2-4AD9-899B-7D30B4977807}.Release|Any CPU.Build.0 = Release|Any CPU
		{93B60DF8-ADD1-4280-9CF4-0601C57B79DC}.Debug|Any CPU.ActiveCfg = Debug|Any CPU
		{93B60DF8-ADD1-4280-9CF4-0601C57B79DC}.Debug|Any CPU.Build.0 = Debug|Any CPU
		{93B60DF8-ADD1-4280-9CF4-0601C57B79DC}.Release|Any CPU.ActiveCfg = Release|Any CPU
		{93B60DF8-ADD1-4280-9CF4-0601C57B79DC}.Release|Any CPU.Build.0 = Release|Any CPU
	EndGlobalSection
EndGlobal
